// !$*UTF8*$!
{
	archiveVersion = 1;
	classes = {
	};
	objectVersion = 77;
	objects = {

/* Begin PBXBuildFile section */
		37D69F6B2E1A072000509E4E /* WidgetKit.framework in Frameworks */ = {isa = PBXBuildFile; fileRef = 37D69F6A2E1A072000509E4E /* WidgetKit.framework */; };
		37D69F6D2E1A072000509E4E /* SwiftUI.framework in Frameworks */ = {isa = PBXBuildFile; fileRef = 37D69F6C2E1A072000509E4E /* SwiftUI.framework */; };
		37D69F7E2E1A072200509E4E /* SimplrWidgetExtension.appex in Embed Foundation Extensions */ = {isa = PBXBuildFile; fileRef = 37D69F682E1A072000509E4E /* SimplrWidgetExtension.appex */; settings = {ATTRIBUTES = (RemoveHeadersOnCopy, ); }; };
/* End PBXBuildFile section */

/* Begin PBXContainerItemProxy section */
		37B517C62E14DD1500041BB3 /* PBXContainerItemProxy */ = {
			isa = PBXContainerItemProxy;
			containerPortal = 37B517B02E14DD1400041BB3 /* Project object */;
			proxyType = 1;
			remoteGlobalIDString = 37B517B72E14DD1400041BB3;
			remoteInfo = Simplr;
		};
		37B517D02E14DD1500041BB3 /* PBXContainerItemProxy */ = {
			isa = PBXContainerItemProxy;
			containerPortal = 37B517B02E14DD1400041BB3 /* Project object */;
			proxyType = 1;
			remoteGlobalIDString = 37B517B72E14DD1400041BB3;
			remoteInfo = Simplr;
		};
		37D69F7C2E1A072200509E4E /* PBXContainerItemProxy */ = {
			isa = PBXContainerItemProxy;
			containerPortal = 37B517B02E14DD1400041BB3 /* Project object */;
			proxyType = 1;
			remoteGlobalIDString = 37D69F672E1A072000509E4E;
			remoteInfo = SimplrWidgetExtension;
		};
/* End PBXContainerItemProxy section */

/* Begin PBXCopyFilesBuildPhase section */
		37D69F7F2E1A072200509E4E /* Embed Foundation Extensions */ = {
			isa = PBXCopyFilesBuildPhase;
			buildActionMask = 2147483647;
			dstPath = "";
			dstSubfolderSpec = 13;
			files = (
				37D69F7E2E1A072200509E4E /* SimplrWidgetExtension.appex in Embed Foundation Extensions */,
			);
			name = "Embed Foundation Extensions";
			runOnlyForDeploymentPostprocessing = 0;
		};
/* End PBXCopyFilesBuildPhase section */

/* Begin PBXFileReference section */
		37B517B82E14DD1400041BB3 /* Simplr.app */ = {isa = PBXFileReference; explicitFileType = wrapper.application; includeInIndex = 0; path = Simplr.app; sourceTree = BUILT_PRODUCTS_DIR; };
		37B517C52E14DD1500041BB3 /* SimplrTests.xctest */ = {isa = PBXFileReference; explicitFileType = wrapper.cfbundle; includeInIndex = 0; path = SimplrTests.xctest; sourceTree = BUILT_PRODUCTS_DIR; };
		37B517CF2E14DD1500041BB3 /* SimplrUITests.xctest */ = {isa = PBXFileReference; explicitFileType = wrapper.cfbundle; includeInIndex = 0; path = SimplrUITests.xctest; sourceTree = BUILT_PRODUCTS_DIR; };
		37D69F682E1A072000509E4E /* SimplrWidgetExtension.appex */ = {isa = PBXFileReference; explicitFileType = "wrapper.app-extension"; includeInIndex = 0; path = SimplrWidgetExtension.appex; sourceTree = BUILT_PRODUCTS_DIR; };
		37D69F6A2E1A072000509E4E /* WidgetKit.framework */ = {isa = PBXFileReference; lastKnownFileType = wrapper.framework; name = WidgetKit.framework; path = System/Library/Frameworks/WidgetKit.framework; sourceTree = SDKROOT; };
		37D69F6C2E1A072000509E4E /* SwiftUI.framework */ = {isa = PBXFileReference; lastKnownFileType = wrapper.framework; name = SwiftUI.framework; path = System/Library/Frameworks/SwiftUI.framework; sourceTree = SDKROOT; };
/* End PBXFileReference section */

/* Begin PBXFileSystemSynchronizedBuildFileExceptionSet section */
		37D69F822E1A072200509E4E /* Exceptions for "SimplrWidget" folder in "SimplrWidgetExtension" target */ = {
			isa = PBXFileSystemSynchronizedBuildFileExceptionSet;
			membershipExceptions = (
				Info.plist,
			);
			target = 37D69F672E1A072000509E4E /* SimplrWidgetExtension */;
		};
/* End PBXFileSystemSynchronizedBuildFileExceptionSet section */

/* Begin PBXFileSystemSynchronizedRootGroup section */
		37B517BA2E14DD1400041BB3 /* Simplr */ = {
			isa = PBXFileSystemSynchronizedRootGroup;
			path = Simplr;
			sourceTree = "<group>";
		};
		37B517C82E14DD1500041BB3 /* SimplrTests */ = {
			isa = PBXFileSystemSynchronizedRootGroup;
			path = SimplrTests;
			sourceTree = "<group>";
		};
		37B517D22E14DD1500041BB3 /* SimplrUITests */ = {
			isa = PBXFileSystemSynchronizedRootGroup;
			path = SimplrUITests;
			sourceTree = "<group>";
		};
		37D69F6E2E1A072000509E4E /* SimplrWidget */ = {
			isa = PBXFileSystemSynchronizedRootGroup;
			exceptions = (
				37D69F822E1A072200509E4E /* Exceptions for "SimplrWidget" folder in "SimplrWidgetExtension" target */,
			);
			path = SimplrWidget;
			sourceTree = "<group>";
		};
/* End PBXFileSystemSynchronizedRootGroup section */

/* Begin PBXFrameworksBuildPhase section */
		37B517B52E14DD1400041BB3 /* Frameworks */ = {
			isa = PBXFrameworksBuildPhase;
			buildActionMask = 2147483647;
			files = (
			);
			runOnlyForDeploymentPostprocessing = 0;
		};
		37B517C22E14DD1500041BB3 /* Frameworks */ = {
			isa = PBXFrameworksBuildPhase;
			buildActionMask = 2147483647;
			files = (
			);
			runOnlyForDeploymentPostprocessing = 0;
		};
		37B517CC2E14DD1500041BB3 /* Frameworks */ = {
			isa = PBXFrameworksBuildPhase;
			buildActionMask = 2147483647;
			files = (
			);
			runOnlyForDeploymentPostprocessing = 0;
		};
		37D69F652E1A072000509E4E /* Frameworks */ = {
			isa = PBXFrameworksBuildPhase;
			buildActionMask = 2147483647;
			files = (
				37D69F6D2E1A072000509E4E /* SwiftUI.framework in Frameworks */,
				37D69F6B2E1A072000509E4E /* WidgetKit.framework in Frameworks */,
			);
			runOnlyForDeploymentPostprocessing = 0;
		};
/* End PBXFrameworksBuildPhase section */

/* Begin PBXGroup section */
		37B517AF2E14DD1400041BB3 = {
			isa = PBXGroup;
			children = (
				37B517BA2E14DD1400041BB3 /* Simplr */,
				37B517C82E14DD1500041BB3 /* SimplrTests */,
				37B517D22E14DD1500041BB3 /* SimplrUITests */,
				37D69F6E2E1A072000509E4E /* SimplrWidget */,
				37D69F692E1A072000509E4E /* Frameworks */,
				37B517B92E14DD1400041BB3 /* Products */,
			);
			sourceTree = "<group>";
		};
		37B517B92E14DD1400041BB3 /* Products */ = {
			isa = PBXGroup;
			children = (
				37B517B82E14DD1400041BB3 /* Simplr.app */,
				37B517C52E14DD1500041BB3 /* SimplrTests.xctest */,
				37B517CF2E14DD1500041BB3 /* SimplrUITests.xctest */,
				37D69F682E1A072000509E4E /* SimplrWidgetExtension.appex */,
			);
			name = Products;
			sourceTree = "<group>";
		};
		37D69F692E1A072000509E4E /* Frameworks */ = {
			isa = PBXGroup;
			children = (
				37D69F6A2E1A072000509E4E /* WidgetKit.framework */,
				37D69F6C2E1A072000509E4E /* SwiftUI.framework */,
			);
			name = Frameworks;
			sourceTree = "<group>";
		};
/* End PBXGroup section */

/* Begin PBXNativeTarget section */
		37B517B72E14DD1400041BB3 /* Simplr */ = {
			isa = PBXNativeTarget;
			buildConfigurationList = 37B517D92E14DD1500041BB3 /* Build configuration list for PBXNativeTarget "Simplr" */;
			buildPhases = (
				37B517B42E14DD1400041BB3 /* Sources */,
				37B517B52E14DD1400041BB3 /* Frameworks */,
				37B517B62E14DD1400041BB3 /* Resources */,
				37D69F7F2E1A072200509E4E /* Embed Foundation Extensions */,
			);
			buildRules = (
			);
			dependencies = (
				37D69F7D2E1A072200509E4E /* PBXTargetDependency */,
			);
			fileSystemSynchronizedGroups = (
				37B517BA2E14DD1400041BB3 /* Simplr */,
			);
			name = Simplr;
			packageProductDependencies = (
			);
			productName = Simplr;
			productReference = 37B517B82E14DD1400041BB3 /* Simplr.app */;
			productType = "com.apple.product-type.application";
		};
		37B517C42E14DD1500041BB3 /* SimplrTests */ = {
			isa = PBXNativeTarget;
			buildConfigurationList = 37B517DC2E14DD1500041BB3 /* Build configuration list for PBXNativeTarget "SimplrTests" */;
			buildPhases = (
				37B517C12E14DD1500041BB3 /* Sources */,
				37B517C22E14DD1500041BB3 /* Frameworks */,
				37B517C32E14DD1500041BB3 /* Resources */,
			);
			buildRules = (
			);
			dependencies = (
				37B517C72E14DD1500041BB3 /* PBXTargetDependency */,
			);
			fileSystemSynchronizedGroups = (
				37B517C82E14DD1500041BB3 /* SimplrTests */,
			);
			name = SimplrTests;
			packageProductDependencies = (
			);
			productName = SimplrTests;
			productReference = 37B517C52E14DD1500041BB3 /* SimplrTests.xctest */;
			productType = "com.apple.product-type.bundle.unit-test";
		};
		37B517CE2E14DD1500041BB3 /* SimplrUITests */ = {
			isa = PBXNativeTarget;
			buildConfigurationList = 37B517DF2E14DD1500041BB3 /* Build configuration list for PBXNativeTarget "SimplrUITests" */;
			buildPhases = (
				37B517CB2E14DD1500041BB3 /* Sources */,
				37B517CC2E14DD1500041BB3 /* Frameworks */,
				37B517CD2E14DD1500041BB3 /* Resources */,
			);
			buildRules = (
			);
			dependencies = (
				37B517D12E14DD1500041BB3 /* PBXTargetDependency */,
			);
			fileSystemSynchronizedGroups = (
				37B517D22E14DD1500041BB3 /* SimplrUITests */,
			);
			name = SimplrUITests;
			packageProductDependencies = (
			);
			productName = SimplrUITests;
			productReference = 37B517CF2E14DD1500041BB3 /* SimplrUITests.xctest */;
			productType = "com.apple.product-type.bundle.ui-testing";
		};
		37D69F672E1A072000509E4E /* SimplrWidgetExtension */ = {
			isa = PBXNativeTarget;
			buildConfigurationList = 37D69F832E1A072200509E4E /* Build configuration list for PBXNativeTarget "SimplrWidgetExtension" */;
			buildPhases = (
				37D69F642E1A072000509E4E /* Sources */,
				37D69F652E1A072000509E4E /* Frameworks */,
				37D69F662E1A072000509E4E /* Resources */,
			);
			buildRules = (
			);
			dependencies = (
			);
			fileSystemSynchronizedGroups = (
				37D69F6E2E1A072000509E4E /* SimplrWidget */,
			);
			name = SimplrWidgetExtension;
			packageProductDependencies = (
			);
			productName = SimplrWidgetExtension;
			productReference = 37D69F682E1A072000509E4E /* SimplrWidgetExtension.appex */;
			productType = "com.apple.product-type.app-extension";
		};
/* End PBXNativeTarget section */

/* Begin PBXProject section */
		37B517B02E14DD1400041BB3 /* Project object */ = {
			isa = PBXProject;
			attributes = {
				BuildIndependentTargetsInParallel = 1;
				LastSwiftUpdateCheck = 1640;
				LastUpgradeCheck = 1640;
				TargetAttributes = {
					37B517B72E14DD1400041BB3 = {
						CreatedOnToolsVersion = 16.4;
					};
					37B517C42E14DD1500041BB3 = {
						CreatedOnToolsVersion = 16.4;
						TestTargetID = 37B517B72E14DD1400041BB3;
					};
					37B517CE2E14DD1500041BB3 = {
						CreatedOnToolsVersion = 16.4;
						TestTargetID = 37B517B72E14DD1400041BB3;
					};
					37D69F672E1A072000509E4E = {
						CreatedOnToolsVersion = 16.4;
					};
				};
			};
			buildConfigurationList = 37B517B32E14DD1400041BB3 /* Build configuration list for PBXProject "Simplr" */;
			developmentRegion = en;
			hasScannedForEncodings = 0;
			knownRegions = (
				en,
				Base,
			);
			mainGroup = 37B517AF2E14DD1400041BB3;
			minimizedProjectReferenceProxies = 1;
			preferredProjectObjectVersion = 77;
			productRefGroup = 37B517B92E14DD1400041BB3 /* Products */;
			projectDirPath = "";
			projectRoot = "";
			targets = (
				37B517B72E14DD1400041BB3 /* Simplr */,
				37B517C42E14DD1500041BB3 /* SimplrTests */,
				37B517CE2E14DD1500041BB3 /* SimplrUITests */,
				37D69F672E1A072000509E4E /* SimplrWidgetExtension */,
			);
		};
/* End PBXProject section */

/* Begin PBXResourcesBuildPhase section */
		37B517B62E14DD1400041BB3 /* Resources */ = {
			isa = PBXResourcesBuildPhase;
			buildActionMask = 2147483647;
			files = (
			);
			runOnlyForDeploymentPostprocessing = 0;
		};
		37B517C32E14DD1500041BB3 /* Resources */ = {
			isa = PBXResourcesBuildPhase;
			buildActionMask = 2147483647;
			files = (
			);
			runOnlyForDeploymentPostprocessing = 0;
		};
		37B517CD2E14DD1500041BB3 /* Resources */ = {
			isa = PBXResourcesBuildPhase;
			buildActionMask = 2147483647;
			files = (
			);
			runOnlyForDeploymentPostprocessing = 0;
		};
		37D69F662E1A072000509E4E /* Resources */ = {
			isa = PBXResourcesBuildPhase;
			buildActionMask = 2147483647;
			files = (
			);
			runOnlyForDeploymentPostprocessing = 0;
		};
/* End PBXResourcesBuildPhase section */

/* Begin PBXSourcesBuildPhase section */
		37B517B42E14DD1400041BB3 /* Sources */ = {
			isa = PBXSourcesBuildPhase;
			buildActionMask = 2147483647;
			files = (
			);
			runOnlyForDeploymentPostprocessing = 0;
		};
		37B517C12E14DD1500041BB3 /* Sources */ = {
			isa = PBXSourcesBuildPhase;
			buildActionMask = 2147483647;
			files = (
			);
			runOnlyForDeploymentPostprocessing = 0;
		};
		37B517CB2E14DD1500041BB3 /* Sources */ = {
			isa = PBXSourcesBuildPhase;
			buildActionMask = 2147483647;
			files = (
			);
			runOnlyForDeploymentPostprocessing = 0;
		};
		37D69F642E1A072000509E4E /* Sources */ = {
			isa = PBXSourcesBuildPhase;
			buildActionMask = 2147483647;
			files = (
			);
			runOnlyForDeploymentPostprocessing = 0;
		};
/* End PBXSourcesBuildPhase section */

/* Begin PBXTargetDependency section */
		37B517C72E14DD1500041BB3 /* PBXTargetDependency */ = {
			isa = PBXTargetDependency;
			target = 37B517B72E14DD1400041BB3 /* Simplr */;
			targetProxy = 37B517C62E14DD1500041BB3 /* PBXContainerItemProxy */;
		};
		37B517D12E14DD1500041BB3 /* PBXTargetDependency */ = {
			isa = PBXTargetDependency;
			target = 37B517B72E14DD1400041BB3 /* Simplr */;
			targetProxy = 37B517D02E14DD1500041BB3 /* PBXContainerItemProxy */;
		};
		37D69F7D2E1A072200509E4E /* PBXTargetDependency */ = {
			isa = PBXTargetDependency;
			target = 37D69F672E1A072000509E4E /* SimplrWidgetExtension */;
			targetProxy = 37D69F7C2E1A072200509E4E /* PBXContainerItemProxy */;
		};
/* End PBXTargetDependency section */

/* Begin XCBuildConfiguration section */
		37B517D72E14DD1500041BB3 /* Debug */ = {
			isa = XCBuildConfiguration;
			buildSettings = {
				ALWAYS_SEARCH_USER_PATHS = NO;
				ASSETCATALOG_COMPILER_GENERATE_SWIFT_ASSET_SYMBOL_EXTENSIONS = YES;
				CLANG_ANALYZER_NONNULL = YES;
				CLANG_ANALYZER_NUMBER_OBJECT_CONVERSION = YES_AGGRESSIVE;
				CLANG_CXX_LANGUAGE_STANDARD = "gnu++20";
				CLANG_ENABLE_MODULES = YES;
				CLANG_ENABLE_OBJC_ARC = YES;
				CLANG_ENABLE_OBJC_WEAK = YES;
				CLANG_WARN_BLOCK_CAPTURE_AUTORELEASING = YES;
				CLANG_WARN_BOOL_CONVERSION = YES;
				CLANG_WARN_COMMA = YES;
				CLANG_WARN_CONSTANT_CONVERSION = YES;
				CLANG_WARN_DEPRECATED_OBJC_IMPLEMENTATIONS = YES;
				CLANG_WARN_DIRECT_OBJC_ISA_USAGE = YES_ERROR;
				CLANG_WARN_DOCUMENTATION_COMMENTS = YES;
				CLANG_WARN_EMPTY_BODY = YES;
				CLANG_WARN_ENUM_CONVERSION = YES;
				CLANG_WARN_INFINITE_RECURSION = YES;
				CLANG_WARN_INT_CONVERSION = YES;
				CLANG_WARN_NON_LITERAL_NULL_CONVERSION = YES;
				CLANG_WARN_OBJC_IMPLICIT_RETAIN_SELF = YES;
				CLANG_WARN_OBJC_LITERAL_CONVERSION = YES;
				CLANG_WARN_OBJC_ROOT_CLASS = YES_ERROR;
				CLANG_WARN_QUOTED_INCLUDE_IN_FRAMEWORK_HEADER = YES;
				CLANG_WARN_RANGE_LOOP_ANALYSIS = YES;
				CLANG_WARN_STRICT_PROTOTYPES = YES;
				CLANG_WARN_SUSPICIOUS_MOVE = YES;
				CLANG_WARN_UNGUARDED_AVAILABILITY = YES_AGGRESSIVE;
				CLANG_WARN_UNREACHABLE_CODE = YES;
				CLANG_WARN__DUPLICATE_METHOD_MATCH = YES;
				COPY_PHASE_STRIP = NO;
				DEBUG_INFORMATION_FORMAT = dwarf;
				DEVELOPMENT_TEAM = 9FSH55SGR2;
				ENABLE_STRICT_OBJC_MSGSEND = YES;
				ENABLE_TESTABILITY = YES;
				ENABLE_USER_SCRIPT_SANDBOXING = YES;
				GCC_C_LANGUAGE_STANDARD = gnu17;
				GCC_DYNAMIC_NO_PIC = NO;
				GCC_NO_COMMON_BLOCKS = YES;
				GCC_OPTIMIZATION_LEVEL = 0;
				GCC_PREPROCESSOR_DEFINITIONS = (
					"DEBUG=1",
					"$(inherited)",
				);
				GCC_WARN_64_TO_32_BIT_CONVERSION = YES;
				GCC_WARN_ABOUT_RETURN_TYPE = YES_ERROR;
				GCC_WARN_UNDECLARED_SELECTOR = YES;
				GCC_WARN_UNINITIALIZED_AUTOS = YES_AGGRESSIVE;
				GCC_WARN_UNUSED_FUNCTION = YES;
				GCC_WARN_UNUSED_VARIABLE = YES;
				IPHONEOS_DEPLOYMENT_TARGET = 18.5;
				LOCALIZATION_PREFERS_STRING_CATALOGS = YES;
				MTL_ENABLE_DEBUG_INFO = INCLUDE_SOURCE;
				MTL_FAST_MATH = YES;
				ONLY_ACTIVE_ARCH = YES;
				SDKROOT = iphoneos;
				SWIFT_ACTIVE_COMPILATION_CONDITIONS = "DEBUG $(inherited)";
				SWIFT_OPTIMIZATION_LEVEL = "-Onone";
			};
			name = Debug;
		};
		37B517D82E14DD1500041BB3 /* Release */ = {
			isa = XCBuildConfiguration;
			buildSettings = {
				ALWAYS_SEARCH_USER_PATHS = NO;
				ASSETCATALOG_COMPILER_GENERATE_SWIFT_ASSET_SYMBOL_EXTENSIONS = YES;
				CLANG_ANALYZER_NONNULL = YES;
				CLANG_ANALYZER_NUMBER_OBJECT_CONVERSION = YES_AGGRESSIVE;
				CLANG_CXX_LANGUAGE_STANDARD = "gnu++20";
				CLANG_ENABLE_MODULES = YES;
				CLANG_ENABLE_OBJC_ARC = YES;
				CLANG_ENABLE_OBJC_WEAK = YES;
				CLANG_WARN_BLOCK_CAPTURE_AUTORELEASING = YES;
				CLANG_WARN_BOOL_CONVERSION = YES;
				CLANG_WARN_COMMA = YES;
				CLANG_WARN_CONSTANT_CONVERSION = YES;
				CLANG_WARN_DEPRECATED_OBJC_IMPLEMENTATIONS = YES;
				CLANG_WARN_DIRECT_OBJC_ISA_USAGE = YES_ERROR;
				CLANG_WARN_DOCUMENTATION_COMMENTS = YES;
				CLANG_WARN_EMPTY_BODY = YES;
				CLANG_WARN_ENUM_CONVERSION = YES;
				CLANG_WARN_INFINITE_RECURSION = YES;
				CLANG_WARN_INT_CONVERSION = YES;
				CLANG_WARN_NON_LITERAL_NULL_CONVERSION = YES;
				CLANG_WARN_OBJC_IMPLICIT_RETAIN_SELF = YES;
				CLANG_WARN_OBJC_LITERAL_CONVERSION = YES;
				CLANG_WARN_OBJC_ROOT_CLASS = YES_ERROR;
				CLANG_WARN_QUOTED_INCLUDE_IN_FRAMEWORK_HEADER = YES;
				CLANG_WARN_RANGE_LOOP_ANALYSIS = YES;
				CLANG_WARN_STRICT_PROTOTYPES = YES;
				CLANG_WARN_SUSPICIOUS_MOVE = YES;
				CLANG_WARN_UNGUARDED_AVAILABILITY = YES_AGGRESSIVE;
				CLANG_WARN_UNREACHABLE_CODE = YES;
				CLANG_WARN__DUPLICATE_METHOD_MATCH = YES;
				COPY_PHASE_STRIP = NO;
				DEBUG_INFORMATION_FORMAT = "dwarf-with-dsym";
				DEVELOPMENT_TEAM = 9FSH55SGR2;
				ENABLE_NS_ASSERTIONS = NO;
				ENABLE_STRICT_OBJC_MSGSEND = YES;
				ENABLE_USER_SCRIPT_SANDBOXING = YES;
				GCC_C_LANGUAGE_STANDARD = gnu17;
				GCC_NO_COMMON_BLOCKS = YES;
				GCC_WARN_64_TO_32_BIT_CONVERSION = YES;
				GCC_WARN_ABOUT_RETURN_TYPE = YES_ERROR;
				GCC_WARN_UNDECLARED_SELECTOR = YES;
				GCC_WARN_UNINITIALIZED_AUTOS = YES_AGGRESSIVE;
				GCC_WARN_UNUSED_FUNCTION = YES;
				GCC_WARN_UNUSED_VARIABLE = YES;
				IPHONEOS_DEPLOYMENT_TARGET = 18.5;
				LOCALIZATION_PREFERS_STRING_CATALOGS = YES;
				MTL_ENABLE_DEBUG_INFO = NO;
				MTL_FAST_MATH = YES;
				SDKROOT = iphoneos;
				SWIFT_COMPILATION_MODE = wholemodule;
				VALIDATE_PRODUCT = YES;
			};
			name = Release;
		};
		37B517DA2E14DD1500041BB3 /* Debug */ = {
			isa = XCBuildConfiguration;
			buildSettings = {
				ASSETCATALOG_COMPILER_APPICON_NAME = AppIcon;
				ASSETCATALOG_COMPILER_GLOBAL_ACCENT_COLOR_NAME = AccentColor;
				CODE_SIGN_ENTITLEMENTS = Simplr/Simplr.entitlements;
				CODE_SIGN_STYLE = Automatic;
				CURRENT_PROJECT_VERSION = 2;
				DEVELOPMENT_TEAM = 9FSH55SGR2;
				ENABLE_PREVIEWS = YES;
				GENERATE_INFOPLIST_FILE = YES;
				INFOPLIST_KEY_CFBundleDisplayName = Simplr;
				INFOPLIST_KEY_LSApplicationCategoryType = "public.app-category.productivity";
				INFOPLIST_KEY_UIApplicationSceneManifest_Generation = YES;
				INFOPLIST_KEY_UIApplicationSupportsIndirectInputEvents = YES;
				INFOPLIST_KEY_UILaunchScreen_Generation = YES;
				INFOPLIST_KEY_UISupportedInterfaceOrientations = UIInterfaceOrientationPortrait;
				INFOPLIST_KEY_UISupportedInterfaceOrientations_iPad = "UIInterfaceOrientationLandscapeLeft UIInterfaceOrientationLandscapeRight UIInterfaceOrientationPortrait UIInterfaceOrientationPortraitUpsideDown";
				LD_RUNPATH_SEARCH_PATHS = (
					"$(inherited)",
					"@executable_path/Frameworks",
				);
				MARKETING_VERSION = 1.8;
				PRODUCT_BUNDLE_IDENTIFIER = blackcubesolutions.Simplr;
				PRODUCT_NAME = "$(TARGET_NAME)";
				SWIFT_EMIT_LOC_STRINGS = YES;
				SWIFT_VERSION = 5.0;
				TARGETED_DEVICE_FAMILY = "1,2";
			};
			name = Debug;
		};
		37B517DB2E14DD1500041BB3 /* Release */ = {
			isa = XCBuildConfiguration;
			buildSettings = {
				ASSETCATALOG_COMPILER_APPICON_NAME = AppIcon;
				ASSETCATALOG_COMPILER_GLOBAL_ACCENT_COLOR_NAME = AccentColor;
				CODE_SIGN_ENTITLEMENTS = Simplr/Simplr.entitlements;
				CODE_SIGN_STYLE = Automatic;
				CURRENT_PROJECT_VERSION = 2;
				DEVELOPMENT_TEAM = 9FSH55SGR2;
				ENABLE_PREVIEWS = YES;
				GENERATE_INFOPLIST_FILE = YES;
				INFOPLIST_KEY_CFBundleDisplayName = Simplr;
				INFOPLIST_KEY_LSApplicationCategoryType = "public.app-category.productivity";
				INFOPLIST_KEY_UIApplicationSceneManifest_Generation = YES;
				INFOPLIST_KEY_UIApplicationSupportsIndirectInputEvents = YES;
				INFOPLIST_KEY_UILaunchScreen_Generation = YES;
				INFOPLIST_KEY_UISupportedInterfaceOrientations = UIInterfaceOrientationPortrait;
				INFOPLIST_KEY_UISupportedInterfaceOrientations_iPad = "UIInterfaceOrientationLandscapeLeft UIInterfaceOrientationLandscapeRight UIInterfaceOrientationPortrait UIInterfaceOrientationPortraitUpsideDown";
				LD_RUNPATH_SEARCH_PATHS = (
					"$(inherited)",
					"@executable_path/Frameworks",
				);
				MARKETING_VERSION = 1.8;
				PRODUCT_BUNDLE_IDENTIFIER = blackcubesolutions.Simplr;
				PRODUCT_NAME = "$(TARGET_NAME)";
				SWIFT_EMIT_LOC_STRINGS = YES;
				SWIFT_VERSION = 5.0;
				TARGETED_DEVICE_FAMILY = "1,2";
			};
			name = Release;
		};
		37B517DD2E14DD1500041BB3 /* Debug */ = {
			isa = XCBuildConfiguration;
			buildSettings = {
				BUNDLE_LOADER = "$(TEST_HOST)";
				CODE_SIGN_STYLE = Automatic;
				CURRENT_PROJECT_VERSION = 1;
				DEVELOPMENT_TEAM = 9FSH55SGR2;
				GENERATE_INFOPLIST_FILE = YES;
				IPHONEOS_DEPLOYMENT_TARGET = 18.5;
				MARKETING_VERSION = 1.0;
				PRODUCT_BUNDLE_IDENTIFIER = blackcubesolutions.SimplrTests;
				PRODUCT_NAME = "$(TARGET_NAME)";
				SWIFT_EMIT_LOC_STRINGS = NO;
				SWIFT_VERSION = 5.0;
				TARGETED_DEVICE_FAMILY = "1,2";
				TEST_HOST = "$(BUILT_PRODUCTS_DIR)/Simplr.app/$(BUNDLE_EXECUTABLE_FOLDER_PATH)/Simplr";
			};
			name = Debug;
		};
		37B517DE2E14DD1500041BB3 /* Release */ = {
			isa = XCBuildConfiguration;
			buildSettings = {
				BUNDLE_LOADER = "$(TEST_HOST)";
				CODE_SIGN_STYLE = Automatic;
				CURRENT_PROJECT_VERSION = 1;
				DEVELOPMENT_TEAM = 9FSH55SGR2;
				GENERATE_INFOPLIST_FILE = YES;
				IPHONEOS_DEPLOYMENT_TARGET = 18.5;
				MARKETING_VERSION = 1.0;
				PRODUCT_BUNDLE_IDENTIFIER = blackcubesolutions.SimplrTests;
				PRODUCT_NAME = "$(TARGET_NAME)";
				SWIFT_EMIT_LOC_STRINGS = NO;
				SWIFT_VERSION = 5.0;
				TARGETED_DEVICE_FAMILY = "1,2";
				TEST_HOST = "$(BUILT_PRODUCTS_DIR)/Simplr.app/$(BUNDLE_EXECUTABLE_FOLDER_PATH)/Simplr";
			};
			name = Release;
		};
		37B517E02E14DD1500041BB3 /* Debug */ = {
			isa = XCBuildConfiguration;
			buildSettings = {
				CODE_SIGN_STYLE = Automatic;
				CURRENT_PROJECT_VERSION = 1;
				DEVELOPMENT_TEAM = 9FSH55SGR2;
				GENERATE_INFOPLIST_FILE = YES;
				MARKETING_VERSION = 1.0;
				PRODUCT_BUNDLE_IDENTIFIER = blackcubesolutions.SimplrUITests;
				PRODUCT_NAME = "$(TARGET_NAME)";
				SWIFT_EMIT_LOC_STRINGS = NO;
				SWIFT_VERSION = 5.0;
				TARGETED_DEVICE_FAMILY = "1,2";
				TEST_TARGET_NAME = Simplr;
			};
			name = Debug;
		};
		37B517E12E14DD1500041BB3 /* Release */ = {
			isa = XCBuildConfiguration;
			buildSettings = {
				CODE_SIGN_STYLE = Automatic;
				CURRENT_PROJECT_VERSION = 1;
				DEVELOPMENT_TEAM = 9FSH55SGR2;
				GENERATE_INFOPLIST_FILE = YES;
				MARKETING_VERSION = 1.0;
				PRODUCT_BUNDLE_IDENTIFIER = blackcubesolutions.SimplrUITests;
				PRODUCT_NAME = "$(TARGET_NAME)";
				SWIFT_EMIT_LOC_STRINGS = NO;
				SWIFT_VERSION = 5.0;
				TARGETED_DEVICE_FAMILY = "1,2";
				TEST_TARGET_NAME = Simplr;
			};
			name = Release;
		};
		37D69F802E1A072200509E4E /* Debug */ = {
			isa = XCBuildConfiguration;
			buildSettings = {
				ASSETCATALOG_COMPILER_GLOBAL_ACCENT_COLOR_NAME = AccentColor;
				ASSETCATALOG_COMPILER_WIDGET_BACKGROUND_COLOR_NAME = WidgetBackground;
				CODE_SIGN_ENTITLEMENTS = SimplrWidget/SimplrWidget.entitlements;
				CODE_SIGN_STYLE = Automatic;
				CURRENT_PROJECT_VERSION = 2;
				DEVELOPMENT_TEAM = 9FSH55SGR2;
				GENERATE_INFOPLIST_FILE = YES;
				INFOPLIST_FILE = SimplrWidget/Info.plist;
				INFOPLIST_KEY_CFBundleDisplayName = SimplrWidget;
				INFOPLIST_KEY_NSHumanReadableCopyright = "";
				LD_RUNPATH_SEARCH_PATHS = (
					"$(inherited)",
					"@executable_path/Frameworks",
					"@executable_path/../../Frameworks",
				);
				MARKETING_VERSION = 1.8;
				PRODUCT_BUNDLE_IDENTIFIER = blackcubesolutions.Simplr.SimplrWidget;
				PRODUCT_NAME = "$(TARGET_NAME)";
				SKIP_INSTALL = YES;
				SWIFT_EMIT_LOC_STRINGS = YES;
				SWIFT_VERSION = 5.0;
				TARGETED_DEVICE_FAMILY = "1,2";
			};
			name = Debug;
		};
		37D69F812E1A072200509E4E /* Release */ = {
			isa = XCBuildConfiguration;
			buildSettings = {
				ASSETCATALOG_COMPILER_GLOBAL_ACCENT_COLOR_NAME = AccentColor;
				ASSETCATALOG_COMPILER_WIDGET_BACKGROUND_COLOR_NAME = WidgetBackground;
				CODE_SIGN_ENTITLEMENTS = SimplrWidget/SimplrWidget.entitlements;
				CODE_SIGN_STYLE = Automatic;
				CURRENT_PROJECT_VERSION = 2;
				DEVELOPMENT_TEAM = 9FSH55SGR2;
				GENERATE_INFOPLIST_FILE = YES;
				INFOPLIST_FILE = SimplrWidget/Info.plist;
				INFOPLIST_KEY_CFBundleDisplayName = SimplrWidget;
				INFOPLIST_KEY_NSHumanReadableCopyright = "";
				LD_RUNPATH_SEARCH_PATHS = (
					"$(inherited)",
					"@executable_path/Frameworks",
					"@executable_path/../../Frameworks",
				);
				MARKETING_VERSION = 1.8;
				PRODUCT_BUNDLE_IDENTIFIER = blackcubesolutions.Simplr.SimplrWidget;
				PRODUCT_NAME = "$(TARGET_NAME)";
				SKIP_INSTALL = YES;
				SWIFT_EMIT_LOC_STRINGS = YES;
				SWIFT_VERSION = 5.0;
				TARGETED_DEVICE_FAMILY = "1,2";
			};
			name = Release;
		};
/* End XCBuildConfiguration section */

/* Begin XCConfigurationList section */
		37B517B32E14DD1400041BB3 /* Build configuration list for PBXProject "Simplr" */ = {
			isa = XCConfigurationList;
			buildConfigurations = (
				37B517D72E14DD1500041BB3 /* Debug */,
				37B517D82E14DD1500041BB3 /* Release */,
			);
			defaultConfigurationIsVisible = 0;
			defaultConfigurationName = Release;
		};
		37B517D92E14DD1500041BB3 /* Build configuration list for PBXNativeTarget "Simplr" */ = {
			isa = XCConfigurationList;
			buildConfigurations = (
				37B517DA2E14DD1500041BB3 /* Debug */,
				37B517DB2E14DD1500041BB3 /* Release */,
			);
			defaultConfigurationIsVisible = 0;
			defaultConfigurationName = Release;
		};
		37B517DC2E14DD1500041BB3 /* Build configuration list for PBXNativeTarget "SimplrTests" */ = {
			isa = XCConfigurationList;
			buildConfigurations = (
				37B517DD2E14DD1500041BB3 /* Debug */,
				37B517DE2E14DD1500041BB3 /* Release */,
			);
			defaultConfigurationIsVisible = 0;
			defaultConfigurationName = Release;
		};
		37B517DF2E14DD1500041BB3 /* Build configuration list for PBXNativeTarget "SimplrUITests" */ = {
			isa = XCConfigurationList;
			buildConfigurations = (
				37B517E02E14DD1500041BB3 /* Debug */,
				37B517E12E14DD1500041BB3 /* Release */,
			);
			defaultConfigurationIsVisible = 0;
			defaultConfigurationName = Release;
		};
		37D69F832E1A072200509E4E /* Build configuration list for PBXNativeTarget "SimplrWidgetExtension" */ = {
			isa = XCConfigurationList;
			buildConfigurations = (
				37D69F802E1A072200509E4E /* Debug */,
				37D69F812E1A072200509E4E /* Release */,
			);
			defaultConfigurationIsVisible = 0;
			defaultConfigurationName = Release;
		};
/* End XCConfigurationList section */
	};
	rootObject = 37B517B02E14DD1400041BB3 /* Project object */;
}
