{
  "originHash" : "fbdec518f66720abc9cceef1ea36ee3229c4faa09fdcfd36f45e77839c989f98",
  "pins" : [
    {
      "identity" : "purchases-ios",
      "kind" : "remoteSourceControl",
      "location" : "https://github.com/RevenueCat/purchases-ios",
      "state" : {
        "revision" : "fa196fa767b15663ff8941a0a80e3ad67ad4d53f",
        "version" : "5.33.0"
      }
    }
  ],
  "version" : 3
}
